
Microsoft Visual Studio Solution File, Format Version 12.00
# Visual Studio 14
VisualStudioVersion = 14.0.24720.0
MinimumVisualStudioVersion = 10.0.40219.1
Project("{FAE04EC0-301F-11D3-BF4B-00C04F79EFBC}") = "ProjectHighStar", "ProjectHighStar\ProjectHighStar.csproj", "{BE3C5B4A-000A-4C60-94CF-7652D9DEDF70}"
EndProject
Project("{FAE04EC0-301F-11D3-BF4B-00C04F79EFBC}") = "HighStar.Core", "HighStar.Core\HighStar.Core.csproj", "{1BB308B2-A113-454D-8374-5D43DBB9D2D7}"
EndProject
Project("{FAE04EC0-301F-11D3-BF4B-00C04F79EFBC}") = "HighStar.Core.Test", "HighStar.Core.Test\HighStar.Core.Test.csproj", "{73E0E610-5F45-4DA9-9E12-A1273B125E99}"
EndProject
Global
	GlobalSection(SolutionConfigurationPlatforms) = preSolution
		Debug|Any CPU = Debug|Any CPU
		Release|Any CPU = Release|Any CPU
	EndGlobalSection
	GlobalSection(ProjectConfigurationPlatforms) = postSolution
		{BE3C5B4A-000A-4C60-94CF-7652D9DEDF70}.Debug|Any CPU.ActiveCfg = Debug|Any CPU
		{BE3C5B4A-000A-4C60-94CF-7652D9DEDF70}.Debug|Any CPU.Build.0 = Debug|Any CPU
		{BE3C5B4A-000A-4C60-94CF-7652D9DEDF70}.Release|Any CPU.ActiveCfg = Release|Any CPU
		{BE3C5B4A-000A-4C60-94CF-7652D9DEDF70}.Release|Any CPU.Build.0 = Release|Any CPU
		{1BB308B2-A113-454D-8374-5D43DBB9D2D7}.Debug|Any CPU.ActiveCfg = Debug|Any CPU
		{1BB308B2-A113-454D-8374-5D43DBB9D2D7}.Debug|Any CPU.Build.0 = Debug|Any CPU
		{1BB308B2-A113-454D-8374-5D43DBB9D2D7}.Release|Any CPU.ActiveCfg = Release|Any CPU
		{1BB308B2-A113-454D-8374-5D43DBB9D2D7}.Release|Any CPU.Build.0 = Release|Any CPU
		{73E0E610-5F45-4DA9-9E12-A1273B125E99}.Debug|Any CPU.ActiveCfg = Debug|Any CPU
		{73E0E610-5F45-4DA9-9E12-A1273B125E99}.Debug|Any CPU.Build.0 = Debug|Any CPU
		{73E0E610-5F45-4DA9-9E12-A1273B125E99}.Release|Any CPU.ActiveCfg = Release|Any CPU
		{73E0E610-5F45-4DA9-9E12-A1273B125E99}.Release|Any CPU.Build.0 = Release|Any CPU
	EndGlobalSection
	GlobalSection(SolutionProperties) = preSolution
		HideSolutionNode = FALSE
	EndGlobalSection
EndGlobal
